// !$*UTF8*$!
{
	archiveVersion = 1;
	classes = {
	};
	objectVersion = 46;
	objects = {

/* Begin PBXBuildFile section */
		40A202371D77F93E00457359 /* ChatViewController.m in Sources */ = {isa = PBXBuildFile; fileRef = 40A202301D77F93E00457359 /* ChatViewController.m */; };
		40A202381D77F93E00457359 /* MessageTableViewCell.m in Sources */ = {isa = PBXBuildFile; fileRef = 40A202321D77F93E00457359 /* MessageTableViewCell.m */; };
		40A202391D77F93E00457359 /* MessageTextView.m in Sources */ = {isa = PBXBuildFile; fileRef = 40A202341D77F93E00457359 /* MessageTextView.m */; };
		40A2023A1D77F93E00457359 /* TypingIndicatorView.m in Sources */ = {isa = PBXBuildFile; fileRef = 40A202361D77F93E00457359 /* TypingIndicatorView.m */; };
		40A202451D7804B400457359 /* STSChatMessage+VideoChatUtility.m in Sources */ = {isa = PBXBuildFile; fileRef = 40A202441D7804B400457359 /* STSChatMessage+VideoChatUtility.m */; };
		40C779DC1D7091D0004F61CA /* main.m in Sources */ = {isa = PBXBuildFile; fileRef = 40C779DB1D7091D0004F61CA /* main.m */; };
		40C779DF1D7091D0004F61CA /* AppDelegate.m in Sources */ = {isa = PBXBuildFile; fileRef = 40C779DE1D7091D0004F61CA /* AppDelegate.m */; };
		40C779E21D7091D0004F61CA /* MasterViewController.m in Sources */ = {isa = PBXBuildFile; fileRef = 40C779E11D7091D0004F61CA /* MasterViewController.m */; };
		40C779E51D7091D0004F61CA /* DetailViewController.m in Sources */ = {isa = PBXBuildFile; fileRef = 40C779E41D7091D0004F61CA /* DetailViewController.m */; };
		40C779E81D7091D0004F61CA /* Main.storyboard in Resources */ = {isa = PBXBuildFile; fileRef = 40C779E61D7091D0004F61CA /* Main.storyboard */; };
		40C779EA1D7091D0004F61CA /* Assets.xcassets in Resources */ = {isa = PBXBuildFile; fileRef = 40C779E91D7091D0004F61CA /* Assets.xcassets */; };
		40C779ED1D7091D0004F61CA /* LaunchScreen.storyboard in Resources */ = {isa = PBXBuildFile; fileRef = 40C779EB1D7091D0004F61CA /* LaunchScreen.storyboard */; };
		4A1F4DC51ED83B8D005D6FD9 /* ECommerceChatViewController.m in Sources */ = {isa = PBXBuildFile; fileRef = 4A1F4DC41ED83B8D005D6FD9 /* ECommerceChatViewController.m */; };
		4A3A2BB51ED7DE6000A22863 /* TransparentMessageTableViewCell.m in Sources */ = {isa = PBXBuildFile; fileRef = 4A3A2BB41ED7DE6000A22863 /* TransparentMessageTableViewCell.m */; };
		4A3A2BB81ED7DEE900A22863 /* TransparentChatViewController.m in Sources */ = {isa = PBXBuildFile; fileRef = 4A3A2BB71ED7DEE900A22863 /* TransparentChatViewController.m */; };
		728228FD1EFA86850088C7EB /* STSPinnedMessageView.m in Sources */ = {isa = PBXBuildFile; fileRef = 728228FC1EFA86850088C7EB /* STSPinnedMessageView.m */; };
		728229031EFD11410088C7EB /* STSMessageLongPressGestureRecognizer.m in Sources */ = {isa = PBXBuildFile; fileRef = 728229021EFD11410088C7EB /* STSMessageLongPressGestureRecognizer.m */; };
		728229091EFD39700088C7EB /* UIViewController+VideoChatUtility.m in Sources */ = {isa = PBXBuildFile; fileRef = 728229081EFD39700088C7EB /* UIViewController+VideoChatUtility.m */; };
		72F47A421DDA1CA000103583 /* StreamingViewController.m in Sources */ = {isa = PBXBuildFile; fileRef = 72F47A411DDA1CA000103583 /* StreamingViewController.m */; };
		9B133DD61DCAF4020082C269 /* UIImage+sticker.m in Sources */ = {isa = PBXBuildFile; fileRef = 9B133DD51DCAF4020082C269 /* UIImage+sticker.m */; };
		9B16870F1DD5C930004BFA4F /* STSChatUser+VieoChatUtility.m in Sources */ = {isa = PBXBuildFile; fileRef = 9B16870E1DD5C930004BFA4F /* STSChatUser+VieoChatUtility.m */; };
		9B4310471DD32504002CD178 /* NSFileManager+Sticker.m in Sources */ = {isa = PBXBuildFile; fileRef = 9B4310461DD32504002CD178 /* NSFileManager+Sticker.m */; };
		9B4E12FC1DE8027B00380A92 /* Assets.xcassets in Resources */ = {isa = PBXBuildFile; fileRef = 9B4E12FB1DE8027B00380A92 /* Assets.xcassets */; };
		9B551F281E23377600C9D06B /* ChatExampleViewController.m in Sources */ = {isa = PBXBuildFile; fileRef = 9B551F271E23377600C9D06B /* ChatExampleViewController.m */; };
		9B988EAA1DCB9C08009F8973 /* ChatStickerViewController.m in Sources */ = {isa = PBXBuildFile; fileRef = 9B988EA91DCB9C08009F8973 /* ChatStickerViewController.m */; };
		9B98A7B61E1E3ABA00E8CE7C /* ChatStickerExampleViewController.m in Sources */ = {isa = PBXBuildFile; fileRef = 9B98A7B51E1E3ABA00E8CE7C /* ChatStickerExampleViewController.m */; };
		9B9A9BB31DC986670017F8C1 /* StickersInputView.xib in Resources */ = {isa = PBXBuildFile; fileRef = 9B9A9BB21DC986670017F8C1 /* StickersInputView.xib */; };
		9B9A9BB61DC98A650017F8C1 /* StickersInputView.m in Sources */ = {isa = PBXBuildFile; fileRef = 9B9A9BB51DC98A650017F8C1 /* StickersInputView.m */; };
		9BB9B32F1E7C569C00245AB7 /* NSTimer+SafeTimer.m in Sources */ = {isa = PBXBuildFile; fileRef = 9BB9B32E1E7C569C00245AB7 /* NSTimer+SafeTimer.m */; };
		9BBCBDD51E88B681006D3500 /* IconLabel.m in Sources */ = {isa = PBXBuildFile; fileRef = 9BBCBDD41E88B681006D3500 /* IconLabel.m */; };
		9BBCBDEA1E88B7D9006D3500 /* Localizable.strings in Resources */ = {isa = PBXBuildFile; fileRef = 9BBCBDEC1E88B7D9006D3500 /* Localizable.strings */; };
		9BBEC54A1D813F1800387012 /* UIAlertController+VideoChatUtility.m in Sources */ = {isa = PBXBuildFile; fileRef = 9BBEC5491D813F1800387012 /* UIAlertController+VideoChatUtility.m */; };
		9BDC48BA1DD092A50095BF9B /* STSSegmentedControl.m in Sources */ = {isa = PBXBuildFile; fileRef = 9BDC48B91DD092A50095BF9B /* STSSegmentedControl.m */; };
		9BEAD38A1ED735CF004B9DAB /* FloatingImageView.m in Sources */ = {isa = PBXBuildFile; fileRef = 9BEAD3891ED735CF004B9DAB /* FloatingImageView.m */; };
		9BF1971A1EEEA213003AE88E /* STSPlayerViewController.m in Sources */ = {isa = PBXBuildFile; fileRef = 9BF197191EEEA213003AE88E /* STSPlayerViewController.m */; };
		9BF1971D1EEEA6AF003AE88E /* UIViewController+STSKeyboard.m in Sources */ = {isa = PBXBuildFile; fileRef = 9BF1971C1EEEA6AF003AE88E /* UIViewController+STSKeyboard.m */; };
		FADDAF509351485C7AE9DE21 /* Pods_VideoChat.framework in Frameworks */ = {isa = PBXBuildFile; fileRef = 64C2739ECC5559476005727D /* Pods_VideoChat.framework */; };
/* End PBXBuildFile section */

/* Begin PBXFileReference section */
		40A2022F1D77F93E00457359 /* ChatViewController.h */ = {isa = PBXFileReference; fileEncoding = 4; lastKnownFileType = sourcecode.c.h; path = ChatViewController.h; sourceTree = "<group>"; };
		40A202301D77F93E00457359 /* ChatViewController.m */ = {isa = PBXFileReference; fileEncoding = 4; lastKnownFileType = sourcecode.c.objc; path = ChatViewController.m; sourceTree = "<group>"; };
		40A202311D77F93E00457359 /* MessageTableViewCell.h */ = {isa = PBXFileReference; fileEncoding = 4; lastKnownFileType = sourcecode.c.h; path = MessageTableViewCell.h; sourceTree = "<group>"; };
		40A202321D77F93E00457359 /* MessageTableViewCell.m */ = {isa = PBXFileReference; fileEncoding = 4; lastKnownFileType = sourcecode.c.objc; path = MessageTableViewCell.m; sourceTree = "<group>"; };
		40A202331D77F93E00457359 /* MessageTextView.h */ = {isa = PBXFileReference; fileEncoding = 4; lastKnownFileType = sourcecode.c.h; path = MessageTextView.h; sourceTree = "<group>"; };
		40A202341D77F93E00457359 /* MessageTextView.m */ = {isa = PBXFileReference; fileEncoding = 4; lastKnownFileType = sourcecode.c.objc; path = MessageTextView.m; sourceTree = "<group>"; };
		40A202351D77F93E00457359 /* TypingIndicatorView.h */ = {isa = PBXFileReference; fileEncoding = 4; lastKnownFileType = sourcecode.c.h; path = TypingIndicatorView.h; sourceTree = "<group>"; };
		40A202361D77F93E00457359 /* TypingIndicatorView.m */ = {isa = PBXFileReference; fileEncoding = 4; lastKnownFileType = sourcecode.c.objc; path = TypingIndicatorView.m; sourceTree = "<group>"; };
		40A202431D7804B400457359 /* STSChatMessage+VideoChatUtility.h */ = {isa = PBXFileReference; fileEncoding = 4; lastKnownFileType = sourcecode.c.h; path = "STSChatMessage+VideoChatUtility.h"; sourceTree = "<group>"; };
		40A202441D7804B400457359 /* STSChatMessage+VideoChatUtility.m */ = {isa = PBXFileReference; fileEncoding = 4; lastKnownFileType = sourcecode.c.objc; path = "STSChatMessage+VideoChatUtility.m"; sourceTree = "<group>"; };
		40C779D71D7091D0004F61CA /* VideoChat.app */ = {isa = PBXFileReference; explicitFileType = wrapper.application; includeInIndex = 0; path = VideoChat.app; sourceTree = BUILT_PRODUCTS_DIR; };
		40C779DB1D7091D0004F61CA /* main.m */ = {isa = PBXFileReference; lastKnownFileType = sourcecode.c.objc; path = main.m; sourceTree = "<group>"; };
		40C779DD1D7091D0004F61CA /* AppDelegate.h */ = {isa = PBXFileReference; lastKnownFileType = sourcecode.c.h; path = AppDelegate.h; sourceTree = "<group>"; };
		40C779DE1D7091D0004F61CA /* AppDelegate.m */ = {isa = PBXFileReference; lastKnownFileType = sourcecode.c.objc; path = AppDelegate.m; sourceTree = "<group>"; };
		40C779E01D7091D0004F61CA /* MasterViewController.h */ = {isa = PBXFileReference; lastKnownFileType = sourcecode.c.h; path = MasterViewController.h; sourceTree = "<group>"; };
		40C779E11D7091D0004F61CA /* MasterViewController.m */ = {isa = PBXFileReference; lastKnownFileType = sourcecode.c.objc; path = MasterViewController.m; sourceTree = "<group>"; };
		40C779E31D7091D0004F61CA /* DetailViewController.h */ = {isa = PBXFileReference; lastKnownFileType = sourcecode.c.h; path = DetailViewController.h; sourceTree = "<group>"; };
		40C779E41D7091D0004F61CA /* DetailViewController.m */ = {isa = PBXFileReference; lastKnownFileType = sourcecode.c.objc; path = DetailViewController.m; sourceTree = "<group>"; };
		40C779E71D7091D0004F61CA /* Base */ = {isa = PBXFileReference; lastKnownFileType = file.storyboard; name = Base; path = Base.lproj/Main.storyboard; sourceTree = "<group>"; };
		40C779E91D7091D0004F61CA /* Assets.xcassets */ = {isa = PBXFileReference; lastKnownFileType = folder.assetcatalog; path = Assets.xcassets; sourceTree = "<group>"; };
		40C779EC1D7091D0004F61CA /* Base */ = {isa = PBXFileReference; lastKnownFileType = file.storyboard; name = Base; path = Base.lproj/LaunchScreen.storyboard; sourceTree = "<group>"; };
		40C779EE1D7091D0004F61CA /* Info.plist */ = {isa = PBXFileReference; lastKnownFileType = text.plist.xml; path = Info.plist; sourceTree = "<group>"; };
		4A1F4DC31ED83B8D005D6FD9 /* ECommerceChatViewController.h */ = {isa = PBXFileReference; fileEncoding = 4; lastKnownFileType = sourcecode.c.h; path = ECommerceChatViewController.h; sourceTree = "<group>"; };
		4A1F4DC41ED83B8D005D6FD9 /* ECommerceChatViewController.m */ = {isa = PBXFileReference; fileEncoding = 4; lastKnownFileType = sourcecode.c.objc; path = ECommerceChatViewController.m; sourceTree = "<group>"; };
		4A3A2BB31ED7DE6000A22863 /* TransparentMessageTableViewCell.h */ = {isa = PBXFileReference; fileEncoding = 4; lastKnownFileType = sourcecode.c.h; path = TransparentMessageTableViewCell.h; sourceTree = "<group>"; };
		4A3A2BB41ED7DE6000A22863 /* TransparentMessageTableViewCell.m */ = {isa = PBXFileReference; fileEncoding = 4; lastKnownFileType = sourcecode.c.objc; path = TransparentMessageTableViewCell.m; sourceTree = "<group>"; };
		4A3A2BB61ED7DEE900A22863 /* TransparentChatViewController.h */ = {isa = PBXFileReference; fileEncoding = 4; lastKnownFileType = sourcecode.c.h; path = TransparentChatViewController.h; sourceTree = "<group>"; };
		4A3A2BB71ED7DEE900A22863 /* TransparentChatViewController.m */ = {isa = PBXFileReference; fileEncoding = 4; lastKnownFileType = sourcecode.c.objc; path = TransparentChatViewController.m; sourceTree = "<group>"; };
		64C2739ECC5559476005727D /* Pods_VideoChat.framework */ = {isa = PBXFileReference; explicitFileType = wrapper.framework; includeInIndex = 0; path = Pods_VideoChat.framework; sourceTree = BUILT_PRODUCTS_DIR; };
		728228FB1EFA86850088C7EB /* STSPinnedMessageView.h */ = {isa = PBXFileReference; fileEncoding = 4; lastKnownFileType = sourcecode.c.h; path = STSPinnedMessageView.h; sourceTree = "<group>"; };
		728228FC1EFA86850088C7EB /* STSPinnedMessageView.m */ = {isa = PBXFileReference; fileEncoding = 4; lastKnownFileType = sourcecode.c.objc; path = STSPinnedMessageView.m; sourceTree = "<group>"; };
		728229011EFD11410088C7EB /* STSMessageLongPressGestureRecognizer.h */ = {isa = PBXFileReference; fileEncoding = 4; lastKnownFileType = sourcecode.c.h; path = STSMessageLongPressGestureRecognizer.h; sourceTree = "<group>"; };
		728229021EFD11410088C7EB /* STSMessageLongPressGestureRecognizer.m */ = {isa = PBXFileReference; fileEncoding = 4; lastKnownFileType = sourcecode.c.objc; path = STSMessageLongPressGestureRecognizer.m; sourceTree = "<group>"; };
		728229071EFD39700088C7EB /* UIViewController+VideoChatUtility.h */ = {isa = PBXFileReference; fileEncoding = 4; lastKnownFileType = sourcecode.c.h; path = "UIViewController+VideoChatUtility.h"; sourceTree = "<group>"; };
		728229081EFD39700088C7EB /* UIViewController+VideoChatUtility.m */ = {isa = PBXFileReference; fileEncoding = 4; lastKnownFileType = sourcecode.c.objc; path = "UIViewController+VideoChatUtility.m"; sourceTree = "<group>"; };
		72F47A401DDA1CA000103583 /* StreamingViewController.h */ = {isa = PBXFileReference; fileEncoding = 4; lastKnownFileType = sourcecode.c.h; name = StreamingViewController.h; path = Streaming/StreamingViewController.h; sourceTree = "<group>"; };
		72F47A411DDA1CA000103583 /* StreamingViewController.m */ = {isa = PBXFileReference; fileEncoding = 4; lastKnownFileType = sourcecode.c.objc; name = StreamingViewController.m; path = Streaming/StreamingViewController.m; sourceTree = "<group>"; };
		9B133DD41DCAF4020082C269 /* UIImage+sticker.h */ = {isa = PBXFileReference; fileEncoding = 4; lastKnownFileType = sourcecode.c.h; path = "UIImage+sticker.h"; sourceTree = "<group>"; };
		9B133DD51DCAF4020082C269 /* UIImage+sticker.m */ = {isa = PBXFileReference; fileEncoding = 4; lastKnownFileType = sourcecode.c.objc; path = "UIImage+sticker.m"; sourceTree = "<group>"; };
		9B16870D1DD5C930004BFA4F /* STSChatUser+VieoChatUtility.h */ = {isa = PBXFileReference; fileEncoding = 4; lastKnownFileType = sourcecode.c.h; path = "STSChatUser+VieoChatUtility.h"; sourceTree = "<group>"; };
		9B16870E1DD5C930004BFA4F /* STSChatUser+VieoChatUtility.m */ = {isa = PBXFileReference; fileEncoding = 4; lastKnownFileType = sourcecode.c.objc; path = "STSChatUser+VieoChatUtility.m"; sourceTree = "<group>"; };
		9B4310451DD32504002CD178 /* NSFileManager+Sticker.h */ = {isa = PBXFileReference; fileEncoding = 4; lastKnownFileType = sourcecode.c.h; path = "NSFileManager+Sticker.h"; sourceTree = "<group>"; };
		9B4310461DD32504002CD178 /* NSFileManager+Sticker.m */ = {isa = PBXFileReference; fileEncoding = 4; lastKnownFileType = sourcecode.c.objc; path = "NSFileManager+Sticker.m"; sourceTree = "<group>"; };
		9B4E12FB1DE8027B00380A92 /* Assets.xcassets */ = {isa = PBXFileReference; lastKnownFileType = folder.assetcatalog; path = Assets.xcassets; sourceTree = "<group>"; };
		9B551F261E23377600C9D06B /* ChatExampleViewController.h */ = {isa = PBXFileReference; fileEncoding = 4; lastKnownFileType = sourcecode.c.h; path = ChatExampleViewController.h; sourceTree = "<group>"; };
		9B551F271E23377600C9D06B /* ChatExampleViewController.m */ = {isa = PBXFileReference; fileEncoding = 4; lastKnownFileType = sourcecode.c.objc; path = ChatExampleViewController.m; sourceTree = "<group>"; };
		9B6385A91DCC39FD009342F1 /* StickerInputViewDelegate.h */ = {isa = PBXFileReference; fileEncoding = 4; lastKnownFileType = sourcecode.c.h; path = StickerInputViewDelegate.h; sourceTree = "<group>"; };
		9B8C940F1DCBAA53002CC4AE /* ChatStickerDelegate.h */ = {isa = PBXFileReference; fileEncoding = 4; lastKnownFileType = sourcecode.c.h; path = ChatStickerDelegate.h; sourceTree = "<group>"; };
		9B988EA81DCB9C08009F8973 /* ChatStickerViewController.h */ = {isa = PBXFileReference; fileEncoding = 4; lastKnownFileType = sourcecode.c.h; path = ChatStickerViewController.h; sourceTree = "<group>"; };
		9B988EA91DCB9C08009F8973 /* ChatStickerViewController.m */ = {isa = PBXFileReference; fileEncoding = 4; lastKnownFileType = sourcecode.c.objc; path = ChatStickerViewController.m; sourceTree = "<group>"; };
		9B98A7B41E1E3ABA00E8CE7C /* ChatStickerExampleViewController.h */ = {isa = PBXFileReference; fileEncoding = 4; lastKnownFileType = sourcecode.c.h; path = ChatStickerExampleViewController.h; sourceTree = "<group>"; };
		9B98A7B51E1E3ABA00E8CE7C /* ChatStickerExampleViewController.m */ = {isa = PBXFileReference; fileEncoding = 4; lastKnownFileType = sourcecode.c.objc; path = ChatStickerExampleViewController.m; sourceTree = "<group>"; };
		9B9A9BB21DC986670017F8C1 /* StickersInputView.xib */ = {isa = PBXFileReference; fileEncoding = 4; lastKnownFileType = file.xib; path = StickersInputView.xib; sourceTree = "<group>"; };
		9B9A9BB41DC98A650017F8C1 /* StickersInputView.h */ = {isa = PBXFileReference; fileEncoding = 4; lastKnownFileType = sourcecode.c.h; path = StickersInputView.h; sourceTree = "<group>"; };
		9B9A9BB51DC98A650017F8C1 /* StickersInputView.m */ = {isa = PBXFileReference; fileEncoding = 4; lastKnownFileType = sourcecode.c.objc; path = StickersInputView.m; sourceTree = "<group>"; };
		9BB9B32D1E7C569C00245AB7 /* NSTimer+SafeTimer.h */ = {isa = PBXFileReference; fileEncoding = 4; lastKnownFileType = sourcecode.c.h; path = "NSTimer+SafeTimer.h"; sourceTree = "<group>"; };
		9BB9B32E1E7C569C00245AB7 /* NSTimer+SafeTimer.m */ = {isa = PBXFileReference; fileEncoding = 4; lastKnownFileType = sourcecode.c.objc; path = "NSTimer+SafeTimer.m"; sourceTree = "<group>"; };
		9BBCBDD31E88B681006D3500 /* IconLabel.h */ = {isa = PBXFileReference; fileEncoding = 4; lastKnownFileType = sourcecode.c.h; path = IconLabel.h; sourceTree = "<group>"; };
		9BBCBDD41E88B681006D3500 /* IconLabel.m */ = {isa = PBXFileReference; fileEncoding = 4; lastKnownFileType = sourcecode.c.objc; path = IconLabel.m; sourceTree = "<group>"; };
		9BBCBDEB1E88B7D9006D3500 /* en */ = {isa = PBXFileReference; lastKnownFileType = text.plist.strings; name = en; path = en.lproj/Localizable.strings; sourceTree = "<group>"; };
		9BBCBDED1E88B7DB006D3500 /* zh-Hant */ = {isa = PBXFileReference; lastKnownFileType = text.plist.strings; name = "zh-Hant"; path = "zh-Hant.lproj/Localizable.strings"; sourceTree = "<group>"; };
		9BBEC5481D813F1800387012 /* UIAlertController+VideoChatUtility.h */ = {isa = PBXFileReference; fileEncoding = 4; lastKnownFileType = sourcecode.c.h; path = "UIAlertController+VideoChatUtility.h"; sourceTree = "<group>"; };
		9BBEC5491D813F1800387012 /* UIAlertController+VideoChatUtility.m */ = {isa = PBXFileReference; fileEncoding = 4; lastKnownFileType = sourcecode.c.objc; path = "UIAlertController+VideoChatUtility.m"; sourceTree = "<group>"; };
		9BDC48B81DD092A50095BF9B /* STSSegmentedControl.h */ = {isa = PBXFileReference; fileEncoding = 4; lastKnownFileType = sourcecode.c.h; path = STSSegmentedControl.h; sourceTree = "<group>"; };
		9BDC48B91DD092A50095BF9B /* STSSegmentedControl.m */ = {isa = PBXFileReference; fileEncoding = 4; lastKnownFileType = sourcecode.c.objc; path = STSSegmentedControl.m; sourceTree = "<group>"; };
		9BEAD3881ED735CF004B9DAB /* FloatingImageView.h */ = {isa = PBXFileReference; fileEncoding = 4; lastKnownFileType = sourcecode.c.h; name = FloatingImageView.h; path = VideoChat/FloatingImageView.h; sourceTree = SOURCE_ROOT; };
		9BEAD3891ED735CF004B9DAB /* FloatingImageView.m */ = {isa = PBXFileReference; fileEncoding = 4; lastKnownFileType = sourcecode.c.objc; name = FloatingImageView.m; path = VideoChat/FloatingImageView.m; sourceTree = SOURCE_ROOT; };
		9BF197181EEEA213003AE88E /* STSPlayerViewController.h */ = {isa = PBXFileReference; fileEncoding = 4; lastKnownFileType = sourcecode.c.h; path = STSPlayerViewController.h; sourceTree = "<group>"; };
		9BF197191EEEA213003AE88E /* STSPlayerViewController.m */ = {isa = PBXFileReference; fileEncoding = 4; lastKnownFileType = sourcecode.c.objc; path = STSPlayerViewController.m; sourceTree = "<group>"; };
		9BF1971B1EEEA6AF003AE88E /* UIViewController+STSKeyboard.h */ = {isa = PBXFileReference; fileEncoding = 4; lastKnownFileType = sourcecode.c.h; path = "UIViewController+STSKeyboard.h"; sourceTree = "<group>"; };
		9BF1971C1EEEA6AF003AE88E /* UIViewController+STSKeyboard.m */ = {isa = PBXFileReference; fileEncoding = 4; lastKnownFileType = sourcecode.c.objc; path = "UIViewController+STSKeyboard.m"; sourceTree = "<group>"; };
		EC14F7612121694672BF11EF /* Pods-VideoChat.release.xcconfig */ = {isa = PBXFileReference; includeInIndex = 1; lastKnownFileType = text.xcconfig; name = "Pods-VideoChat.release.xcconfig"; path = "Pods/Target Support Files/Pods-VideoChat/Pods-VideoChat.release.xcconfig"; sourceTree = "<group>"; };
		F926D33A69130242491380A6 /* Pods-VideoChat.debug.xcconfig */ = {isa = PBXFileReference; includeInIndex = 1; lastKnownFileType = text.xcconfig; name = "Pods-VideoChat.debug.xcconfig"; path = "Pods/Target Support Files/Pods-VideoChat/Pods-VideoChat.debug.xcconfig"; sourceTree = "<group>"; };
/* End PBXFileReference section */

/* Begin PBXFrameworksBuildPhase section */
		40C779D41D7091D0004F61CA /* Frameworks */ = {
			isa = PBXFrameworksBuildPhase;
			buildActionMask = 2147483647;
			files = (
				FADDAF509351485C7AE9DE21 /* Pods_VideoChat.framework in Frameworks */,
			);
			runOnlyForDeploymentPostprocessing = 0;
		};
/* End PBXFrameworksBuildPhase section */

/* Begin PBXGroup section */
		40A2022E1D77F93E00457359 /* ChatRoom */ = {
			isa = PBXGroup;
			children = (
				9B9A9BB11DC986120017F8C1 /* Stickers */,
				9BEAD38B1ED735E5004B9DAB /* CustomView */,
				9B4E12FB1DE8027B00380A92 /* Assets.xcassets */,
				40A202431D7804B400457359 /* STSChatMessage+VideoChatUtility.h */,
				40A202441D7804B400457359 /* STSChatMessage+VideoChatUtility.m */,
				9BBEC5481D813F1800387012 /* UIAlertController+VideoChatUtility.h */,
				9BBEC5491D813F1800387012 /* UIAlertController+VideoChatUtility.m */,
				9B16870D1DD5C930004BFA4F /* STSChatUser+VieoChatUtility.h */,
				9B16870E1DD5C930004BFA4F /* STSChatUser+VieoChatUtility.m */,
				40A2022F1D77F93E00457359 /* ChatViewController.h */,
				40A202301D77F93E00457359 /* ChatViewController.m */,
				40A202311D77F93E00457359 /* MessageTableViewCell.h */,
				40A202321D77F93E00457359 /* MessageTableViewCell.m */,
				4A1F4DC31ED83B8D005D6FD9 /* ECommerceChatViewController.h */,
				4A1F4DC41ED83B8D005D6FD9 /* ECommerceChatViewController.m */,
				4A3A2BB61ED7DEE900A22863 /* TransparentChatViewController.h */,
				4A3A2BB71ED7DEE900A22863 /* TransparentChatViewController.m */,
				4A3A2BB31ED7DE6000A22863 /* TransparentMessageTableViewCell.h */,
				4A3A2BB41ED7DE6000A22863 /* TransparentMessageTableViewCell.m */,
				40A202331D77F93E00457359 /* MessageTextView.h */,
				40A202341D77F93E00457359 /* MessageTextView.m */,
				40A202351D77F93E00457359 /* TypingIndicatorView.h */,
				40A202361D77F93E00457359 /* TypingIndicatorView.m */,
				9BB9B32D1E7C569C00245AB7 /* NSTimer+SafeTimer.h */,
				9BB9B32E1E7C569C00245AB7 /* NSTimer+SafeTimer.m */,
				9BBCBDD31E88B681006D3500 /* IconLabel.h */,
				9BBCBDD41E88B681006D3500 /* IconLabel.m */,
				728228FB1EFA86850088C7EB /* STSPinnedMessageView.h */,
				728228FC1EFA86850088C7EB /* STSPinnedMessageView.m */,
				728229011EFD11410088C7EB /* STSMessageLongPressGestureRecognizer.h */,
				728229021EFD11410088C7EB /* STSMessageLongPressGestureRecognizer.m */,
				728229071EFD39700088C7EB /* UIViewController+VideoChatUtility.h */,
				728229081EFD39700088C7EB /* UIViewController+VideoChatUtility.m */,
			);
			path = ChatRoom;
			sourceTree = "<group>";
		};
		40C779CE1D7091D0004F61CA = {
			isa = PBXGroup;
			children = (
				40C779D91D7091D0004F61CA /* Examples */,
				40C779D81D7091D0004F61CA /* Products */,
				A97E121124F4149BF9610B16 /* Pods */,
				D28A08C5EF5AE8A8A86EB5C4 /* Frameworks */,
			);
			sourceTree = "<group>";
		};
		40C779D81D7091D0004F61CA /* Products */ = {
			isa = PBXGroup;
			children = (
				40C779D71D7091D0004F61CA /* VideoChat.app */,
			);
			name = Products;
			sourceTree = "<group>";
		};
		40C779D91D7091D0004F61CA /* Examples */ = {
			isa = PBXGroup;
			children = (
				72E0939F1DD080B70045E587 /* Streaming */,
				40A2022E1D77F93E00457359 /* ChatRoom */,
				9BF197171EEEA213003AE88E /* Player */,
				40C779DD1D7091D0004F61CA /* AppDelegate.h */,
				40C779DE1D7091D0004F61CA /* AppDelegate.m */,
				40C779E01D7091D0004F61CA /* MasterViewController.h */,
				40C779E11D7091D0004F61CA /* MasterViewController.m */,
				40C779E31D7091D0004F61CA /* DetailViewController.h */,
				40C779E41D7091D0004F61CA /* DetailViewController.m */,
				9B98A7B41E1E3ABA00E8CE7C /* ChatStickerExampleViewController.h */,
				9B98A7B51E1E3ABA00E8CE7C /* ChatStickerExampleViewController.m */,
				9B551F261E23377600C9D06B /* ChatExampleViewController.h */,
				9B551F271E23377600C9D06B /* ChatExampleViewController.m */,
				40C779E61D7091D0004F61CA /* Main.storyboard */,
				40C779E91D7091D0004F61CA /* Assets.xcassets */,
				40C779EB1D7091D0004F61CA /* LaunchScreen.storyboard */,
				40C779EE1D7091D0004F61CA /* Info.plist */,
				40C779DA1D7091D0004F61CA /* Supporting Files */,
			);
			name = Examples;
			path = VideoChat;
			sourceTree = "<group>";
		};
		40C779DA1D7091D0004F61CA /* Supporting Files */ = {
			isa = PBXGroup;
			children = (
				40C779DB1D7091D0004F61CA /* main.m */,
			);
			name = "Supporting Files";
			sourceTree = "<group>";
		};
		72E0939F1DD080B70045E587 /* Streaming */ = {
			isa = PBXGroup;
			children = (
				72F47A401DDA1CA000103583 /* StreamingViewController.h */,
				72F47A411DDA1CA000103583 /* StreamingViewController.m */,
			);
			name = Streaming;
			sourceTree = "<group>";
		};
		9B9A9BB11DC986120017F8C1 /* Stickers */ = {
			isa = PBXGroup;
			children = (
				9B9A9BB21DC986670017F8C1 /* StickersInputView.xib */,
				9B9A9BB41DC98A650017F8C1 /* StickersInputView.h */,
				9B9A9BB51DC98A650017F8C1 /* StickersInputView.m */,
				9B6385A91DCC39FD009342F1 /* StickerInputViewDelegate.h */,
				9B988EA81DCB9C08009F8973 /* ChatStickerViewController.h */,
				9B988EA91DCB9C08009F8973 /* ChatStickerViewController.m */,
				9B8C940F1DCBAA53002CC4AE /* ChatStickerDelegate.h */,
				9BDC48B81DD092A50095BF9B /* STSSegmentedControl.h */,
				9BDC48B91DD092A50095BF9B /* STSSegmentedControl.m */,
				9B133DD41DCAF4020082C269 /* UIImage+sticker.h */,
				9B133DD51DCAF4020082C269 /* UIImage+sticker.m */,
				9B4310451DD32504002CD178 /* NSFileManager+Sticker.h */,
				9B4310461DD32504002CD178 /* NSFileManager+Sticker.m */,
				9BBCBDEC1E88B7D9006D3500 /* Localizable.strings */,
			);
			name = Stickers;
			sourceTree = "<group>";
		};
		9BEAD38B1ED735E5004B9DAB /* CustomView */ = {
			isa = PBXGroup;
			children = (
				9BEAD3881ED735CF004B9DAB /* FloatingImageView.h */,
				9BEAD3891ED735CF004B9DAB /* FloatingImageView.m */,
			);
			name = CustomView;
			path = ..;
			sourceTree = "<group>";
		};
		9BF197171EEEA213003AE88E /* Player */ = {
			isa = PBXGroup;
			children = (
				9BF1971B1EEEA6AF003AE88E /* UIViewController+STSKeyboard.h */,
				9BF1971C1EEEA6AF003AE88E /* UIViewController+STSKeyboard.m */,
				9BF197181EEEA213003AE88E /* STSPlayerViewController.h */,
				9BF197191EEEA213003AE88E /* STSPlayerViewController.m */,
			);
			path = Player;
			sourceTree = "<group>";
		};
		A97E121124F4149BF9610B16 /* Pods */ = {
			isa = PBXGroup;
			children = (
				F926D33A69130242491380A6 /* Pods-VideoChat.debug.xcconfig */,
				EC14F7612121694672BF11EF /* Pods-VideoChat.release.xcconfig */,
			);
			name = Pods;
			sourceTree = "<group>";
		};
		D28A08C5EF5AE8A8A86EB5C4 /* Frameworks */ = {
			isa = PBXGroup;
			children = (
				64C2739ECC5559476005727D /* Pods_VideoChat.framework */,
			);
			name = Frameworks;
			sourceTree = "<group>";
		};
/* End PBXGroup section */

/* Begin PBXNativeTarget section */
		40C779D61D7091D0004F61CA /* VideoChat */ = {
			isa = PBXNativeTarget;
			buildConfigurationList = 40C779F11D7091D0004F61CA /* Build configuration list for PBXNativeTarget "VideoChat" */;
			buildPhases = (
				4EC5C0177EF5A9239F156B15 /* [CP] Check Pods Manifest.lock */,
				40C779D31D7091D0004F61CA /* Sources */,
				40C779D41D7091D0004F61CA /* Frameworks */,
				40C779D51D7091D0004F61CA /* Resources */,
				BD2228DD8E56EE5D40E8F00C /* [CP] Embed Pods Frameworks */,
				40254B0CD113DC5156F5EF90 /* [CP] Copy Pods Resources */,
			);
			buildRules = (
			);
			dependencies = (
			);
			name = VideoChat;
			productName = Example;
			productReference = 40C779D71D7091D0004F61CA /* VideoChat.app */;
			productType = "com.apple.product-type.application";
		};
/* End PBXNativeTarget section */

/* Begin PBXProject section */
		40C779CF1D7091D0004F61CA /* Project object */ = {
			isa = PBXProject;
			attributes = {
				LastUpgradeCheck = 0730;
				ORGANIZATIONNAME = StraaS.io;
				TargetAttributes = {
					40C779D61D7091D0004F61CA = {
						CreatedOnToolsVersion = 7.3.1;
						SystemCapabilities = {
							com.apple.BackgroundModes = {
								enabled = 1;
							};
						};
					};
				};
			};
			buildConfigurationList = 40C779D21D7091D0004F61CA /* Build configuration list for PBXProject "VideoChat" */;
			compatibilityVersion = "Xcode 3.2";
			developmentRegion = English;
			hasScannedForEncodings = 0;
			knownRegions = (
				en,
				Base,
				"zh-Hant",
			);
			mainGroup = 40C779CE1D7091D0004F61CA;
			productRefGroup = 40C779D81D7091D0004F61CA /* Products */;
			projectDirPath = "";
			projectRoot = "";
			targets = (
				40C779D61D7091D0004F61CA /* VideoChat */,
			);
		};
/* End PBXProject section */

/* Begin PBXResourcesBuildPhase section */
		40C779D51D7091D0004F61CA /* Resources */ = {
			isa = PBXResourcesBuildPhase;
			buildActionMask = 2147483647;
			files = (
				40C779ED1D7091D0004F61CA /* LaunchScreen.storyboard in Resources */,
				9BBCBDEA1E88B7D9006D3500 /* Localizable.strings in Resources */,
				9B9A9BB31DC986670017F8C1 /* StickersInputView.xib in Resources */,
				40C779EA1D7091D0004F61CA /* Assets.xcassets in Resources */,
				9B4E12FC1DE8027B00380A92 /* Assets.xcassets in Resources */,
				40C779E81D7091D0004F61CA /* Main.storyboard in Resources */,
			);
			runOnlyForDeploymentPostprocessing = 0;
		};
/* End PBXResourcesBuildPhase section */

/* Begin PBXShellScriptBuildPhase section */
		40254B0CD113DC5156F5EF90 /* [CP] Copy Pods Resources */ = {
			isa = PBXShellScriptBuildPhase;
			buildActionMask = 2147483647;
			files = (
			);
			inputPaths = (
			);
			name = "[CP] Copy Pods Resources";
			outputPaths = (
			);
			runOnlyForDeploymentPostprocessing = 0;
			shellPath = /bin/sh;
			shellScript = "\"${SRCROOT}/Pods/Target Support Files/Pods-VideoChat/Pods-VideoChat-resources.sh\"\n";
			showEnvVarsInLog = 0;
		};
		4EC5C0177EF5A9239F156B15 /* [CP] Check Pods Manifest.lock */ = {
			isa = PBXShellScriptBuildPhase;
			buildActionMask = 2147483647;
			files = (
			);
			inputPaths = (
			);
			name = "[CP] Check Pods Manifest.lock";
			outputPaths = (
			);
			runOnlyForDeploymentPostprocessing = 0;
			shellPath = /bin/sh;
			shellScript = "diff \"${PODS_PODFILE_DIR_PATH}/Podfile.lock\" \"${PODS_ROOT}/Manifest.lock\" > /dev/null\nif [ $? != 0 ] ; then\n    # print error to STDERR\n    echo \"error: The sandbox is not in sync with the Podfile.lock. Run 'pod install' or update your CocoaPods installation.\" >&2\n    exit 1\nfi\n";
			showEnvVarsInLog = 0;
		};
		BD2228DD8E56EE5D40E8F00C /* [CP] Embed Pods Frameworks */ = {
			isa = PBXShellScriptBuildPhase;
			buildActionMask = 2147483647;
			files = (
			);
			inputPaths = (
			);
			name = "[CP] Embed Pods Frameworks";
			outputPaths = (
			);
			runOnlyForDeploymentPostprocessing = 0;
			shellPath = /bin/sh;
			shellScript = "\"${SRCROOT}/Pods/Target Support Files/Pods-VideoChat/Pods-VideoChat-frameworks.sh\"\n";
			showEnvVarsInLog = 0;
		};
/* End PBXShellScriptBuildPhase section */

/* Begin PBXSourcesBuildPhase section */
		40C779D31D7091D0004F61CA /* Sources */ = {
			isa = PBXSourcesBuildPhase;
			buildActionMask = 2147483647;
			files = (
				728228FD1EFA86850088C7EB /* STSPinnedMessageView.m in Sources */,
				40C779DF1D7091D0004F61CA /* AppDelegate.m in Sources */,
				728229091EFD39700088C7EB /* UIViewController+VideoChatUtility.m in Sources */,
				9B988EAA1DCB9C08009F8973 /* ChatStickerViewController.m in Sources */,
				9B133DD61DCAF4020082C269 /* UIImage+sticker.m in Sources */,
				9BDC48BA1DD092A50095BF9B /* STSSegmentedControl.m in Sources */,
				9B9A9BB61DC98A650017F8C1 /* StickersInputView.m in Sources */,
				72F47A421DDA1CA000103583 /* StreamingViewController.m in Sources */,
				728229031EFD11410088C7EB /* STSMessageLongPressGestureRecognizer.m in Sources */,
				9BBEC54A1D813F1800387012 /* UIAlertController+VideoChatUtility.m in Sources */,
				4A1F4DC51ED83B8D005D6FD9 /* ECommerceChatViewController.m in Sources */,
				40C779E21D7091D0004F61CA /* MasterViewController.m in Sources */,
				9B98A7B61E1E3ABA00E8CE7C /* ChatStickerExampleViewController.m in Sources */,
				40A202371D77F93E00457359 /* ChatViewController.m in Sources */,
				9BBCBDD51E88B681006D3500 /* IconLabel.m in Sources */,
				9B4310471DD32504002CD178 /* NSFileManager+Sticker.m in Sources */,
				9BB9B32F1E7C569C00245AB7 /* NSTimer+SafeTimer.m in Sources */,
				40A2023A1D77F93E00457359 /* TypingIndicatorView.m in Sources */,
				40A202451D7804B400457359 /* STSChatMessage+VideoChatUtility.m in Sources */,
				4A3A2BB81ED7DEE900A22863 /* TransparentChatViewController.m in Sources */,
				9B16870F1DD5C930004BFA4F /* STSChatUser+VieoChatUtility.m in Sources */,
				40C779DC1D7091D0004F61CA /* main.m in Sources */,
				40C779E51D7091D0004F61CA /* DetailViewController.m in Sources */,
				4A3A2BB51ED7DE6000A22863 /* TransparentMessageTableViewCell.m in Sources */,
				40A202391D77F93E00457359 /* MessageTextView.m in Sources */,
				9BF1971A1EEEA213003AE88E /* STSPlayerViewController.m in Sources */,
				9BF1971D1EEEA6AF003AE88E /* UIViewController+STSKeyboard.m in Sources */,
				40A202381D77F93E00457359 /* MessageTableViewCell.m in Sources */,
				9BEAD38A1ED735CF004B9DAB /* FloatingImageView.m in Sources */,
				9B551F281E23377600C9D06B /* ChatExampleViewController.m in Sources */,
			);
			runOnlyForDeploymentPostprocessing = 0;
		};
/* End PBXSourcesBuildPhase section */

/* Begin PBXVariantGroup section */
		40C779E61D7091D0004F61CA /* Main.storyboard */ = {
			isa = PBXVariantGroup;
			children = (
				40C779E71D7091D0004F61CA /* Base */,
			);
			name = Main.storyboard;
			sourceTree = "<group>";
		};
		40C779EB1D7091D0004F61CA /* LaunchScreen.storyboard */ = {
			isa = PBXVariantGroup;
			children = (
				40C779EC1D7091D0004F61CA /* Base */,
			);
			name = LaunchScreen.storyboard;
			sourceTree = "<group>";
		};
		9BBCBDEC1E88B7D9006D3500 /* Localizable.strings */ = {
			isa = PBXVariantGroup;
			children = (
				9BBCBDEB1E88B7D9006D3500 /* en */,
				9BBCBDED1E88B7DB006D3500 /* zh-Hant */,
			);
			name = Localizable.strings;
			sourceTree = "<group>";
		};
/* End PBXVariantGroup section */

/* Begin XCBuildConfiguration section */
		40C779EF1D7091D0004F61CA /* Debug */ = {
			isa = XCBuildConfiguration;
			buildSettings = {
				ALWAYS_SEARCH_USER_PATHS = NO;
				CLANG_ANALYZER_NONNULL = YES;
				CLANG_CXX_LANGUAGE_STANDARD = "gnu++0x";
				CLANG_CXX_LIBRARY = "libc++";
				CLANG_ENABLE_MODULES = YES;
				CLANG_ENABLE_OBJC_ARC = YES;
				CLANG_WARN_BOOL_CONVERSION = YES;
				CLANG_WARN_CONSTANT_CONVERSION = YES;
				CLANG_WARN_DIRECT_OBJC_ISA_USAGE = YES_ERROR;
				CLANG_WARN_EMPTY_BODY = YES;
				CLANG_WARN_ENUM_CONVERSION = YES;
				CLANG_WARN_INT_CONVERSION = YES;
				CLANG_WARN_OBJC_ROOT_CLASS = YES_ERROR;
				CLANG_WARN_UNREACHABLE_CODE = YES;
				CLANG_WARN__DUPLICATE_METHOD_MATCH = YES;
				"CODE_SIGN_IDENTITY[sdk=iphoneos*]" = "iPhone Developer";
				COPY_PHASE_STRIP = NO;
				DEBUG_INFORMATION_FORMAT = dwarf;
				ENABLE_STRICT_OBJC_MSGSEND = YES;
				ENABLE_TESTABILITY = YES;
				GCC_C_LANGUAGE_STANDARD = gnu99;
				GCC_DYNAMIC_NO_PIC = NO;
				GCC_NO_COMMON_BLOCKS = YES;
				GCC_OPTIMIZATION_LEVEL = 0;
				GCC_PREPROCESSOR_DEFINITIONS = (
					"DEBUG=1",
					"$(inherited)",
				);
				GCC_WARN_64_TO_32_BIT_CONVERSION = YES;
				GCC_WARN_ABOUT_RETURN_TYPE = YES_ERROR;
				GCC_WARN_UNDECLARED_SELECTOR = YES;
				GCC_WARN_UNINITIALIZED_AUTOS = YES_AGGRESSIVE;
				GCC_WARN_UNUSED_FUNCTION = YES;
				GCC_WARN_UNUSED_VARIABLE = YES;
				IPHONEOS_DEPLOYMENT_TARGET = 9.3;
				MTL_ENABLE_DEBUG_INFO = YES;
				ONLY_ACTIVE_ARCH = YES;
				SDKROOT = iphoneos;
				TARGETED_DEVICE_FAMILY = "1,2";
			};
			name = Debug;
		};
		40C779F01D7091D0004F61CA /* Release */ = {
			isa = XCBuildConfiguration;
			buildSettings = {
				ALWAYS_SEARCH_USER_PATHS = NO;
				CLANG_ANALYZER_NONNULL = YES;
				CLANG_CXX_LANGUAGE_STANDARD = "gnu++0x";
				CLANG_CXX_LIBRARY = "libc++";
				CLANG_ENABLE_MODULES = YES;
				CLANG_ENABLE_OBJC_ARC = YES;
				CLANG_WARN_BOOL_CONVERSION = YES;
				CLANG_WARN_CONSTANT_CONVERSION = YES;
				CLANG_WARN_DIRECT_OBJC_ISA_USAGE = YES_ERROR;
				CLANG_WARN_EMPTY_BODY = YES;
				CLANG_WARN_ENUM_CONVERSION = YES;
				CLANG_WARN_INT_CONVERSION = YES;
				CLANG_WARN_OBJC_ROOT_CLASS = YES_ERROR;
				CLANG_WARN_UNREACHABLE_CODE = YES;
				CLANG_WARN__DUPLICATE_METHOD_MATCH = YES;
				"CODE_SIGN_IDENTITY[sdk=iphoneos*]" = "iPhone Developer";
				COPY_PHASE_STRIP = NO;
				DEBUG_INFORMATION_FORMAT = "dwarf-with-dsym";
				ENABLE_NS_ASSERTIONS = NO;
				ENABLE_STRICT_OBJC_MSGSEND = YES;
				GCC_C_LANGUAGE_STANDARD = gnu99;
				GCC_NO_COMMON_BLOCKS = YES;
				GCC_WARN_64_TO_32_BIT_CONVERSION = YES;
				GCC_WARN_ABOUT_RETURN_TYPE = YES_ERROR;
				GCC_WARN_UNDECLARED_SELECTOR = YES;
				GCC_WARN_UNINITIALIZED_AUTOS = YES_AGGRESSIVE;
				GCC_WARN_UNUSED_FUNCTION = YES;
				GCC_WARN_UNUSED_VARIABLE = YES;
				IPHONEOS_DEPLOYMENT_TARGET = 9.3;
				MTL_ENABLE_DEBUG_INFO = NO;
				SDKROOT = iphoneos;
				TARGETED_DEVICE_FAMILY = "1,2";
				VALIDATE_PRODUCT = YES;
			};
			name = Release;
		};
		40C779F21D7091D0004F61CA /* Debug */ = {
			isa = XCBuildConfiguration;
			baseConfigurationReference = F926D33A69130242491380A6 /* Pods-VideoChat.debug.xcconfig */;
			buildSettings = {
				ASSETCATALOG_COMPILER_APPICON_NAME = AppIcon;
				INFOPLIST_FILE = "$(SRCROOT)/VideoChat/Info.plist";
				LD_RUNPATH_SEARCH_PATHS = "$(inherited) @executable_path/Frameworks";
				PRODUCT_BUNDLE_IDENTIFIER = io.straas.VideoChat;
				PRODUCT_NAME = VideoChat;
			};
			name = Debug;
		};
		40C779F31D7091D0004F61CA /* Release */ = {
			isa = XCBuildConfiguration;
			baseConfigurationReference = EC14F7612121694672BF11EF /* Pods-VideoChat.release.xcconfig */;
			buildSettings = {
				ASSETCATALOG_COMPILER_APPICON_NAME = AppIcon;
				INFOPLIST_FILE = "$(SRCROOT)/VideoChat/Info.plist";
				LD_RUNPATH_SEARCH_PATHS = "$(inherited) @executable_path/Frameworks";
				PRODUCT_BUNDLE_IDENTIFIER = io.straas.VideoChat;
				PRODUCT_NAME = VideoChat;
			};
			name = Release;
		};
/* End XCBuildConfiguration section */

/* Begin XCConfigurationList section */
		40C779D21D7091D0004F61CA /* Build configuration list for PBXProject "VideoChat" */ = {
			isa = XCConfigurationList;
			buildConfigurations = (
				40C779EF1D7091D0004F61CA /* Debug */,
				40C779F01D7091D0004F61CA /* Release */,
			);
			defaultConfigurationIsVisible = 0;
			defaultConfigurationName = Release;
		};
		40C779F11D7091D0004F61CA /* Build configuration list for PBXNativeTarget "VideoChat" */ = {
			isa = XCConfigurationList;
			buildConfigurations = (
				40C779F21D7091D0004F61CA /* Debug */,
				40C779F31D7091D0004F61CA /* Release */,
			);
			defaultConfigurationIsVisible = 0;
			defaultConfigurationName = Release;
		};
/* End XCConfigurationList section */
	};
	rootObject = 40C779CF1D7091D0004F61CA /* Project object */;
}
