PODS:
  - AFNetworking (3.1.0):
    - AFNetworking/NSURLSession (= 3.1.0)
    - AFNetworking/Reachability (= 3.1.0)
    - AFNetworking/Security (= 3.1.0)
    - AFNetworking/Serialization (= 3.1.0)
    - AFNetworking/UIKit (= 3.1.0)
  - AFNetworking/NSURLSession (3.1.0):
    - AFNetworking/Reachability
    - AFNetworking/Security
    - AFNetworking/Serialization
  - AFNetworking/Reachability (3.1.0)
  - AFNetworking/Security (3.1.0)
  - AFNetworking/Serialization (3.1.0)
  - AFNetworking/UIKit (3.1.0):
    - AFNetworking/NSURLSession
  - SDWebImage (3.8.2):
    - SDWebImage/Core (= 3.8.2)
  - SDWebImage/Core (3.8.2)
  - SlackTextViewController (1.9.4)
  - Socket.IO-Client-Swift (8.0.2)
  - StraaS-iOS-SDK/Core (0.6.1):
    - AFNetworking (~> 3.1)
    - Socket.IO-Client-Swift (~> 8.0)
  - StraaS-iOS-SDK/Messaging (0.6.1):
    - StraaS-iOS-SDK/Core
  - StraaS-iOS-SDK/Streaming (0.6.1):
    - AFNetworking (~> 3.1)
    - StraaS-iOS-SDK/Core

DEPENDENCIES:
  - SDWebImage
  - SlackTextViewController
  - StraaS-iOS-SDK/Messaging (from `../`)
  - StraaS-iOS-SDK/Streaming (from `../`)

EXTERNAL SOURCES:
  StraaS-iOS-SDK:
    :path: "../"

SPEC CHECKSUMS:
  AFNetworking: 5e0e199f73d8626b11e79750991f5d173d1f8b67
  SDWebImage: 098e97e6176540799c27e804c96653ee0833d13c
  SlackTextViewController: d490f354dba963bc469a6b9ce3213978eaed67a5
  Socket.IO-Client-Swift: 136598e4a81a42b0e6855e7f94a0e5a6efdc5ff8
  StraaS-iOS-SDK: a4832033303177fd7baf5a05e9cfbc0cf1d67821

PODFILE CHECKSUM: 69138ee2267b0354d1e9f8b097a905b3de19c332

COCOAPODS: 1.1.0.rc.2
