PODS:
  - AFNetworking (3.1.0):
    - AFNetworking/NSURLSession (= 3.1.0)
    - AFNetworking/Reachability (= 3.1.0)
    - AFNetworking/Security (= 3.1.0)
    - AFNetworking/Serialization (= 3.1.0)
    - AFNetworking/UIKit (= 3.1.0)
  - AFNetworking/NSURLSession (3.1.0):
    - AFNetworking/Reachability
    - AFNetworking/Security
    - AFNetworking/Serialization
  - AFNetworking/Reachability (3.1.0)
  - AFNetworking/Security (3.1.0)
  - AFNetworking/Serialization (3.1.0)
  - AFNetworking/UIKit (3.1.0):
    - AFNetworking/NSURLSession
  - SlackTextViewController (1.9.4)
  - Socket.IO-Client-Swift (8.0.2)
  - StraaS-iOS-SDK (0.4.0):
    - StraaS-iOS-SDK/Core (= 0.4.0)
    - StraaS-iOS-SDK/Messaging (= 0.4.0)
  - StraaS-iOS-SDK/Core (0.4.0):
    - AFNetworking (~> 3.1)
    - Socket.IO-Client-Swift (~> 8.0)
  - StraaS-iOS-SDK/Messaging (0.4.0):
    - StraaS-iOS-SDK/Core

DEPENDENCIES:
  - SlackTextViewController
  - StraaS-iOS-SDK (from `../`)

EXTERNAL SOURCES:
  StraaS-iOS-SDK:
    :path: "../"

SPEC CHECKSUMS:
  AFNetworking: 5e0e199f73d8626b11e79750991f5d173d1f8b67
  SlackTextViewController: d490f354dba963bc469a6b9ce3213978eaed67a5
  Socket.IO-Client-Swift: 136598e4a81a42b0e6855e7f94a0e5a6efdc5ff8
  StraaS-iOS-SDK: e025b81178c0b146d453b51f246212d9db6e0753

PODFILE CHECKSUM: 96f6fe08b51ae0420ca09cdf73087bdc73270a14

COCOAPODS: 1.1.0.rc.2
