PODS:
  - AFNetworking (3.1.0):
    - AFNetworking/NSURLSession (= 3.1.0)
    - AFNetworking/Reachability (= 3.1.0)
    - AFNetworking/Security (= 3.1.0)
    - AFNetworking/Serialization (= 3.1.0)
    - AFNetworking/UIKit (= 3.1.0)
  - AFNetworking/NSURLSession (3.1.0):
    - AFNetworking/Reachability
    - AFNetworking/Security
    - AFNetworking/Serialization
  - AFNetworking/Reachability (3.1.0)
  - AFNetworking/Security (3.1.0)
  - AFNetworking/Serialization (3.1.0)
  - AFNetworking/UIKit (3.1.0):
    - AFNetworking/NSURLSession
  - SlackTextViewController (1.9.4)
  - Socket.IO-Client-Swift (6.1.6)
  - StraaS-iOS-SDK (0.2.0):
    - StraaS-iOS-SDK/Messaging (= 0.2.0)
  - StraaS-iOS-SDK/Messaging (0.2.0):
    - AFNetworking (~> 3.1)
    - Socket.IO-Client-Swift (~> 6.1)

DEPENDENCIES:
  - SlackTextViewController
  - StraaS-iOS-SDK (~> 0.2.0)

SPEC CHECKSUMS:
  AFNetworking: 5e0e199f73d8626b11e79750991f5d173d1f8b67
  SlackTextViewController: d490f354dba963bc469a6b9ce3213978eaed67a5
  Socket.IO-Client-Swift: 5eddbfafd3c035a77d365d5b58da93cc488af11f
  StraaS-iOS-SDK: a73403b2ec9d8573d58687843204fd076323cce8

PODFILE CHECKSUM: a818b3e5efd3016755da0aa4e91a5c82f2f817cf

COCOAPODS: 1.0.1
